
Microsoft Visual Studio Solution File, Format Version 12.00
# Visual Studio 15
Project("{FAE04EC0-301F-11D3-BF4B-00C04F79EFBC}") = "UnityEngine.TestRunner", "UnityEngine.TestRunner.csproj", "{A997F1D2-29B6-69B1-8C3E-8403404D62B7}"
EndProject
Project("{FAE04EC0-301F-11D3-BF4B-00C04F79EFBC}") = "UnityEngine.XR.LegacyInputHelpers", "UnityEngine.XR.LegacyInputHelpers.csproj", "{B603535E-FBC1-EB8E-2BAA-0530131CD805}"
EndProject
Project("{FAE04EC0-301F-11D3-BF4B-00C04F79EFBC}") = "Unity.Timeline", "Unity.Timeline.csproj", "{5218F19C-BA3D-0BCD-380B-8EE6E492DEF3}"
EndProject
Project("{FAE04EC0-301F-11D3-BF4B-00C04F79EFBC}") = "UnityEngine.Monetization", "UnityEngine.Monetization.csproj", "{7400F57F-04DD-3DF4-CD43-70686A55EF10}"
EndProject
Project("{FAE04EC0-301F-11D3-BF4B-00C04F79EFBC}") = "UnityEngine.Advertisements", "UnityEngine.Advertisements.csproj", "{0E9B4026-3389-4EBD-2204-57D72A97233B}"
EndProject
Project("{FAE04EC0-301F-11D3-BF4B-00C04F79EFBC}") = "Unity.Addressables", "Unity.Addressables.csproj", "{9BB35289-6146-F4F0-AEA1-678409848065}"
EndProject
Project("{FAE04EC0-301F-11D3-BF4B-00C04F79EFBC}") = "Unity.ResourceManager", "Unity.ResourceManager.csproj", "{A1615223-114C-B10C-B56A-A47A943D3843}"
EndProject
Project("{FAE04EC0-301F-11D3-BF4B-00C04F79EFBC}") = "com.unity.multiplayer-hlapi.Runtime", "com.unity.multiplayer-hlapi.Runtime.csproj", "{843BE8F4-4DDB-513C-F623-56F786810F0C}"
EndProject
Project("{FAE04EC0-301F-11D3-BF4B-00C04F79EFBC}") = "Assembly-CSharp", "Assembly-CSharp.csproj", "{31EA003C-1CF9-D946-A919-8AC5ED6BE76A}"
EndProject
Project("{FAE04EC0-301F-11D3-BF4B-00C04F79EFBC}") = "Unity.ScriptableBuildPipeline", "Unity.ScriptableBuildPipeline.csproj", "{27A6E221-EF1C-FE5F-4BE8-7328BB720007}"
EndProject
Project("{FAE04EC0-301F-11D3-BF4B-00C04F79EFBC}") = "UnityEngine.SpatialTracking", "UnityEngine.SpatialTracking.csproj", "{2866C870-E4AF-B648-3FE3-33090C11794D}"
EndProject
Project("{FAE04EC0-301F-11D3-BF4B-00C04F79EFBC}") = "Unity.ScriptableBuildPipeline.Editor", "Unity.ScriptableBuildPipeline.Editor.csproj", "{2EC9750F-1279-B634-76F4-2E01A6D614D8}"
EndProject
Project("{FAE04EC0-301F-11D3-BF4B-00C04F79EFBC}") = "UnityEditor.TestRunner", "UnityEditor.TestRunner.csproj", "{31A8A28A-C955-55CA-F23B-B7CD439FBE8B}"
EndProject
Project("{FAE04EC0-301F-11D3-BF4B-00C04F79EFBC}") = "Unity.Addressables.Editor", "Unity.Addressables.Editor.csproj", "{33B70091-12D1-A410-8F3B-C974CEFD6770}"
EndProject
Project("{FAE04EC0-301F-11D3-BF4B-00C04F79EFBC}") = "Unity.Timeline.Editor", "Unity.Timeline.Editor.csproj", "{F2F3A828-4063-9AB3-D069-5C284D4A4399}"
EndProject
Project("{FAE04EC0-301F-11D3-BF4B-00C04F79EFBC}") = "Unity.VisualStudio.Editor", "Unity.VisualStudio.Editor.csproj", "{CF9E975A-5382-B54C-8F59-CBF0C4567711}"
EndProject
Project("{FAE04EC0-301F-11D3-BF4B-00C04F79EFBC}") = "UnityEngine.Advertisements.Editor", "UnityEngine.Advertisements.Editor.csproj", "{93C49BF2-E723-D113-BFD1-4D882C0658AD}"
EndProject
Project("{FAE04EC0-301F-11D3-BF4B-00C04F79EFBC}") = "com.unity.multiplayer-weaver.Editor", "com.unity.multiplayer-weaver.Editor.csproj", "{DDD772A2-9596-020C-C444-5C7A21AF7113}"
EndProject
Project("{FAE04EC0-301F-11D3-BF4B-00C04F79EFBC}") = "Unity.Rider.Editor", "Unity.Rider.Editor.csproj", "{63C88D27-7E0B-A5B2-ED6D-505FEF3D3346}"
EndProject
Project("{FAE04EC0-301F-11D3-BF4B-00C04F79EFBC}") = "UnityEngine.Advertisements.DevX.Editor", "UnityEngine.Advertisements.DevX.Editor.csproj", "{D19902C6-4169-31C1-8B87-080795D6CA30}"
EndProject
Project("{FAE04EC0-301F-11D3-BF4B-00C04F79EFBC}") = "com.unity.multiplayer-hlapi.Editor", "com.unity.multiplayer-hlapi.Editor.csproj", "{B6104489-40D1-163D-7231-B4DD438CF0E4}"
EndProject
Project("{FAE04EC0-301F-11D3-BF4B-00C04F79EFBC}") = "UnityEditor.XR.LegacyInputHelpers", "UnityEditor.XR.LegacyInputHelpers.csproj", "{87C0D13A-67C6-D06C-CEE6-F57F646DCEB0}"
EndProject
Project("{FAE04EC0-301F-11D3-BF4B-00C04F79EFBC}") = "Unity.VSCode.Editor", "Unity.VSCode.Editor.csproj", "{9099D5D8-763D-3E4D-8C54-A18587287872}"
EndProject
Project("{FAE04EC0-301F-11D3-BF4B-00C04F79EFBC}") = "UnityEditor.SpatialTracking", "UnityEditor.SpatialTracking.csproj", "{38081E31-3AFF-20D4-2EFC-11BFFE35B42B}"
EndProject
Project("{FAE04EC0-301F-11D3-BF4B-00C04F79EFBC}") = "UnityEditor.CacheServer", "UnityEditor.CacheServer.csproj", "{28AE6234-8E2F-B79C-E25D-F3E6506C209A}"
EndProject
Global
	GlobalSection(SolutionConfigurationPlatforms) = preSolution
		Debug|Any CPU = Debug|Any CPU
		Release|Any CPU = Release|Any CPU
	EndGlobalSection
	GlobalSection(ProjectConfigurationPlatforms) = postSolution
		{A997F1D2-29B6-69B1-8C3E-8403404D62B7}.Debug|Any CPU.ActiveCfg = Debug|Any CPU
		{A997F1D2-29B6-69B1-8C3E-8403404D62B7}.Debug|Any CPU.Build.0 = Debug|Any CPU
		{A997F1D2-29B6-69B1-8C3E-8403404D62B7}.Release|Any CPU.ActiveCfg = Release|Any CPU
		{A997F1D2-29B6-69B1-8C3E-8403404D62B7}.Release|Any CPU.Build.0 = Release|Any CPU
		{B603535E-FBC1-EB8E-2BAA-0530131CD805}.Debug|Any CPU.ActiveCfg = Debug|Any CPU
		{B603535E-FBC1-EB8E-2BAA-0530131CD805}.Debug|Any CPU.Build.0 = Debug|Any CPU
		{B603535E-FBC1-EB8E-2BAA-0530131CD805}.Release|Any CPU.ActiveCfg = Release|Any CPU
		{B603535E-FBC1-EB8E-2BAA-0530131CD805}.Release|Any CPU.Build.0 = Release|Any CPU
		{5218F19C-BA3D-0BCD-380B-8EE6E492DEF3}.Debug|Any CPU.ActiveCfg = Debug|Any CPU
		{5218F19C-BA3D-0BCD-380B-8EE6E492DEF3}.Debug|Any CPU.Build.0 = Debug|Any CPU
		{5218F19C-BA3D-0BCD-380B-8EE6E492DEF3}.Release|Any CPU.ActiveCfg = Release|Any CPU
		{5218F19C-BA3D-0BCD-380B-8EE6E492DEF3}.Release|Any CPU.Build.0 = Release|Any CPU
		{7400F57F-04DD-3DF4-CD43-70686A55EF10}.Debug|Any CPU.ActiveCfg = Debug|Any CPU
		{7400F57F-04DD-3DF4-CD43-70686A55EF10}.Debug|Any CPU.Build.0 = Debug|Any CPU
		{7400F57F-04DD-3DF4-CD43-70686A55EF10}.Release|Any CPU.ActiveCfg = Release|Any CPU
		{7400F57F-04DD-3DF4-CD43-70686A55EF10}.Release|Any CPU.Build.0 = Release|Any CPU
		{0E9B4026-3389-4EBD-2204-57D72A97233B}.Debug|Any CPU.ActiveCfg = Debug|Any CPU
		{0E9B4026-3389-4EBD-2204-57D72A97233B}.Debug|Any CPU.Build.0 = Debug|Any CPU
		{0E9B4026-3389-4EBD-2204-57D72A97233B}.Release|Any CPU.ActiveCfg = Release|Any CPU
		{0E9B4026-3389-4EBD-2204-57D72A97233B}.Release|Any CPU.Build.0 = Release|Any CPU
		{9BB35289-6146-F4F0-AEA1-678409848065}.Debug|Any CPU.ActiveCfg = Debug|Any CPU
		{9BB35289-6146-F4F0-AEA1-678409848065}.Debug|Any CPU.Build.0 = Debug|Any CPU
		{9BB35289-6146-F4F0-AEA1-678409848065}.Release|Any CPU.ActiveCfg = Release|Any CPU
		{9BB35289-6146-F4F0-AEA1-678409848065}.Release|Any CPU.Build.0 = Release|Any CPU
		{A1615223-114C-B10C-B56A-A47A943D3843}.Debug|Any CPU.ActiveCfg = Debug|Any CPU
		{A1615223-114C-B10C-B56A-A47A943D3843}.Debug|Any CPU.Build.0 = Debug|Any CPU
		{A1615223-114C-B10C-B56A-A47A943D3843}.Release|Any CPU.ActiveCfg = Release|Any CPU
		{A1615223-114C-B10C-B56A-A47A943D3843}.Release|Any CPU.Build.0 = Release|Any CPU
		{843BE8F4-4DDB-513C-F623-56F786810F0C}.Debug|Any CPU.ActiveCfg = Debug|Any CPU
		{843BE8F4-4DDB-513C-F623-56F786810F0C}.Debug|Any CPU.Build.0 = Debug|Any CPU
		{843BE8F4-4DDB-513C-F623-56F786810F0C}.Release|Any CPU.ActiveCfg = Release|Any CPU
		{843BE8F4-4DDB-513C-F623-56F786810F0C}.Release|Any CPU.Build.0 = Release|Any CPU
		{31EA003C-1CF9-D946-A919-8AC5ED6BE76A}.Debug|Any CPU.ActiveCfg = Debug|Any CPU
		{31EA003C-1CF9-D946-A919-8AC5ED6BE76A}.Debug|Any CPU.Build.0 = Debug|Any CPU
		{31EA003C-1CF9-D946-A919-8AC5ED6BE76A}.Release|Any CPU.ActiveCfg = Release|Any CPU
		{31EA003C-1CF9-D946-A919-8AC5ED6BE76A}.Release|Any CPU.Build.0 = Release|Any CPU
		{27A6E221-EF1C-FE5F-4BE8-7328BB720007}.Debug|Any CPU.ActiveCfg = Debug|Any CPU
		{27A6E221-EF1C-FE5F-4BE8-7328BB720007}.Debug|Any CPU.Build.0 = Debug|Any CPU
		{27A6E221-EF1C-FE5F-4BE8-7328BB720007}.Release|Any CPU.ActiveCfg = Release|Any CPU
		{27A6E221-EF1C-FE5F-4BE8-7328BB720007}.Release|Any CPU.Build.0 = Release|Any CPU
		{2866C870-E4AF-B648-3FE3-33090C11794D}.Debug|Any CPU.ActiveCfg = Debug|Any CPU
		{2866C870-E4AF-B648-3FE3-33090C11794D}.Debug|Any CPU.Build.0 = Debug|Any CPU
		{2866C870-E4AF-B648-3FE3-33090C11794D}.Release|Any CPU.ActiveCfg = Release|Any CPU
		{2866C870-E4AF-B648-3FE3-33090C11794D}.Release|Any CPU.Build.0 = Release|Any CPU
		{2EC9750F-1279-B634-76F4-2E01A6D614D8}.Debug|Any CPU.ActiveCfg = Debug|Any CPU
		{2EC9750F-1279-B634-76F4-2E01A6D614D8}.Debug|Any CPU.Build.0 = Debug|Any CPU
		{2EC9750F-1279-B634-76F4-2E01A6D614D8}.Release|Any CPU.ActiveCfg = Release|Any CPU
		{2EC9750F-1279-B634-76F4-2E01A6D614D8}.Release|Any CPU.Build.0 = Release|Any CPU
		{31A8A28A-C955-55CA-F23B-B7CD439FBE8B}.Debug|Any CPU.ActiveCfg = Debug|Any CPU
		{31A8A28A-C955-55CA-F23B-B7CD439FBE8B}.Debug|Any CPU.Build.0 = Debug|Any CPU
		{31A8A28A-C955-55CA-F23B-B7CD439FBE8B}.Release|Any CPU.ActiveCfg = Release|Any CPU
		{31A8A28A-C955-55CA-F23B-B7CD439FBE8B}.Release|Any CPU.Build.0 = Release|Any CPU
		{33B70091-12D1-A410-8F3B-C974CEFD6770}.Debug|Any CPU.ActiveCfg = Debug|Any CPU
		{33B70091-12D1-A410-8F3B-C974CEFD6770}.Debug|Any CPU.Build.0 = Debug|Any CPU
		{33B70091-12D1-A410-8F3B-C974CEFD6770}.Release|Any CPU.ActiveCfg = Release|Any CPU
		{33B70091-12D1-A410-8F3B-C974CEFD6770}.Release|Any CPU.Build.0 = Release|Any CPU
		{F2F3A828-4063-9AB3-D069-5C284D4A4399}.Debug|Any CPU.ActiveCfg = Debug|Any CPU
		{F2F3A828-4063-9AB3-D069-5C284D4A4399}.Debug|Any CPU.Build.0 = Debug|Any CPU
		{F2F3A828-4063-9AB3-D069-5C284D4A4399}.Release|Any CPU.ActiveCfg = Release|Any CPU
		{F2F3A828-4063-9AB3-D069-5C284D4A4399}.Release|Any CPU.Build.0 = Release|Any CPU
		{CF9E975A-5382-B54C-8F59-CBF0C4567711}.Debug|Any CPU.ActiveCfg = Debug|Any CPU
		{CF9E975A-5382-B54C-8F59-CBF0C4567711}.Debug|Any CPU.Build.0 = Debug|Any CPU
		{CF9E975A-5382-B54C-8F59-CBF0C4567711}.Release|Any CPU.ActiveCfg = Release|Any CPU
		{CF9E975A-5382-B54C-8F59-CBF0C4567711}.Release|Any CPU.Build.0 = Release|Any CPU
		{93C49BF2-E723-D113-BFD1-4D882C0658AD}.Debug|Any CPU.ActiveCfg = Debug|Any CPU
		{93C49BF2-E723-D113-BFD1-4D882C0658AD}.Debug|Any CPU.Build.0 = Debug|Any CPU
		{93C49BF2-E723-D113-BFD1-4D882C0658AD}.Release|Any CPU.ActiveCfg = Release|Any CPU
		{93C49BF2-E723-D113-BFD1-4D882C0658AD}.Release|Any CPU.Build.0 = Release|Any CPU
		{DDD772A2-9596-020C-C444-5C7A21AF7113}.Debug|Any CPU.ActiveCfg = Debug|Any CPU
		{DDD772A2-9596-020C-C444-5C7A21AF7113}.Debug|Any CPU.Build.0 = Debug|Any CPU
		{DDD772A2-9596-020C-C444-5C7A21AF7113}.Release|Any CPU.ActiveCfg = Release|Any CPU
		{DDD772A2-9596-020C-C444-5C7A21AF7113}.Release|Any CPU.Build.0 = Release|Any CPU
		{63C88D27-7E0B-A5B2-ED6D-505FEF3D3346}.Debug|Any CPU.ActiveCfg = Debug|Any CPU
		{63C88D27-7E0B-A5B2-ED6D-505FEF3D3346}.Debug|Any CPU.Build.0 = Debug|Any CPU
		{63C88D27-7E0B-A5B2-ED6D-505FEF3D3346}.Release|Any CPU.ActiveCfg = Release|Any CPU
		{63C88D27-7E0B-A5B2-ED6D-505FEF3D3346}.Release|Any CPU.Build.0 = Release|Any CPU
		{D19902C6-4169-31C1-8B87-080795D6CA30}.Debug|Any CPU.ActiveCfg = Debug|Any CPU
		{D19902C6-4169-31C1-8B87-080795D6CA30}.Debug|Any CPU.Build.0 = Debug|Any CPU
		{D19902C6-4169-31C1-8B87-080795D6CA30}.Release|Any CPU.ActiveCfg = Release|Any CPU
		{D19902C6-4169-31C1-8B87-080795D6CA30}.Release|Any CPU.Build.0 = Release|Any CPU
		{B6104489-40D1-163D-7231-B4DD438CF0E4}.Debug|Any CPU.ActiveCfg = Debug|Any CPU
		{B6104489-40D1-163D-7231-B4DD438CF0E4}.Debug|Any CPU.Build.0 = Debug|Any CPU
		{B6104489-40D1-163D-7231-B4DD438CF0E4}.Release|Any CPU.ActiveCfg = Release|Any CPU
		{B6104489-40D1-163D-7231-B4DD438CF0E4}.Release|Any CPU.Build.0 = Release|Any CPU
		{87C0D13A-67C6-D06C-CEE6-F57F646DCEB0}.Debug|Any CPU.ActiveCfg = Debug|Any CPU
		{87C0D13A-67C6-D06C-CEE6-F57F646DCEB0}.Debug|Any CPU.Build.0 = Debug|Any CPU
		{87C0D13A-67C6-D06C-CEE6-F57F646DCEB0}.Release|Any CPU.ActiveCfg = Release|Any CPU
		{87C0D13A-67C6-D06C-CEE6-F57F646DCEB0}.Release|Any CPU.Build.0 = Release|Any CPU
		{9099D5D8-763D-3E4D-8C54-A18587287872}.Debug|Any CPU.ActiveCfg = Debug|Any CPU
		{9099D5D8-763D-3E4D-8C54-A18587287872}.Debug|Any CPU.Build.0 = Debug|Any CPU
		{9099D5D8-763D-3E4D-8C54-A18587287872}.Release|Any CPU.ActiveCfg = Release|Any CPU
		{9099D5D8-763D-3E4D-8C54-A18587287872}.Release|Any CPU.Build.0 = Release|Any CPU
		{38081E31-3AFF-20D4-2EFC-11BFFE35B42B}.Debug|Any CPU.ActiveCfg = Debug|Any CPU
		{38081E31-3AFF-20D4-2EFC-11BFFE35B42B}.Debug|Any CPU.Build.0 = Debug|Any CPU
		{38081E31-3AFF-20D4-2EFC-11BFFE35B42B}.Release|Any CPU.ActiveCfg = Release|Any CPU
		{38081E31-3AFF-20D4-2EFC-11BFFE35B42B}.Release|Any CPU.Build.0 = Release|Any CPU
		{28AE6234-8E2F-B79C-E25D-F3E6506C209A}.Debug|Any CPU.ActiveCfg = Debug|Any CPU
		{28AE6234-8E2F-B79C-E25D-F3E6506C209A}.Debug|Any CPU.Build.0 = Debug|Any CPU
		{28AE6234-8E2F-B79C-E25D-F3E6506C209A}.Release|Any CPU.ActiveCfg = Release|Any CPU
		{28AE6234-8E2F-B79C-E25D-F3E6506C209A}.Release|Any CPU.Build.0 = Release|Any CPU
	EndGlobalSection
	GlobalSection(SolutionProperties) = preSolution
		HideSolutionNode = FALSE
	EndGlobalSection
EndGlobal
